
Microsoft Visual Studio Solution File, Format Version 12.00
# Visual Studio Version 17
VisualStudioVersion = 17.7.34221.43
MinimumVisualStudioVersion = 10.0.40219.1
Project("{FAE04EC0-301F-11D3-BF4B-00C04F79EFBC}") = "MVVMC", "MVVMC\MVVMC.csproj", "{F552CCB9-2E7B-4728-8EAF-E3040ACC7B1C}"
EndProject
Global
	GlobalSection(SolutionConfigurationPlatforms) = preSolution
		Debug|Any CPU = Debug|Any CPU
		Release|Any CPU = Release|Any CPU
	EndGlobalSection
	GlobalSection(ProjectConfigurationPlatforms) = postSolution
		{F552CCB9-2E7B-4728-8EAF-E3040ACC7B1C}.Debug|Any CPU.ActiveCfg = Debug|Any CPU
		{F552CCB9-2E7B-4728-8EAF-E3040ACC7B1C}.Debug|Any CPU.Build.0 = Debug|Any CPU
		{F552CCB9-2E7B-4728-8EAF-E3040ACC7B1C}.Release|Any CPU.ActiveCfg = Release|Any CPU
		{F552CCB9-2E7B-4728-8EAF-E3040ACC7B1C}.Release|Any CPU.Build.0 = Release|Any CPU
	EndGlobalSection
	GlobalSection(SolutionProperties) = preSolution
		HideSolutionNode = FALSE
	EndGlobalSection
	GlobalSection(ExtensibilityGlobals) = postSolution
		SolutionGuid = {C5A6C511-C26A-4A3B-A65D-89DB2A6926F8}
	EndGlobalSection
EndGlobal
